
Microsoft Visual Studio Solution File, Format Version 12.00
# Visual Studio Version 17
VisualStudioVersion = 17.4.33110.190
MinimumVisualStudioVersion = 10.0.40219.1
Project("{9A19103F-16F7-4668-BE54-9A1E7A4F7556}") = "UnitTest Exercise", "UnitTest Exercise\UnitTest Exercise.csproj", "{79409DD4-433A-46C5-9BBB-2E114E324335}"
EndProject
Project("{FAE04EC0-301F-11D3-BF4B-00C04F79EFBC}") = "TimeTest", "TimeTest\TimeTest.csproj", "{76F7B1EE-A642-4F3D-860C-1D9EBC2CB351}"
EndProject
Global
	GlobalSection(SolutionConfigurationPlatforms) = preSolution
		Debug|Any CPU = Debug|Any CPU
		Release|Any CPU = Release|Any CPU
	EndGlobalSection
	GlobalSection(ProjectConfigurationPlatforms) = postSolution
		{79409DD4-433A-46C5-9BBB-2E114E324335}.Debug|Any CPU.ActiveCfg = Debug|Any CPU
		{79409DD4-433A-46C5-9BBB-2E114E324335}.Debug|Any CPU.Build.0 = Debug|Any CPU
		{79409DD4-433A-46C5-9BBB-2E114E324335}.Release|Any CPU.ActiveCfg = Release|Any CPU
		{79409DD4-433A-46C5-9BBB-2E114E324335}.Release|Any CPU.Build.0 = Release|Any CPU
		{76F7B1EE-A642-4F3D-860C-1D9EBC2CB351}.Debug|Any CPU.ActiveCfg = Debug|Any CPU
		{76F7B1EE-A642-4F3D-860C-1D9EBC2CB351}.Debug|Any CPU.Build.0 = Debug|Any CPU
		{76F7B1EE-A642-4F3D-860C-1D9EBC2CB351}.Release|Any CPU.ActiveCfg = Release|Any CPU
		{76F7B1EE-A642-4F3D-860C-1D9EBC2CB351}.Release|Any CPU.Build.0 = Release|Any CPU
	EndGlobalSection
	GlobalSection(SolutionProperties) = preSolution
		HideSolutionNode = FALSE
	EndGlobalSection
	GlobalSection(ExtensibilityGlobals) = postSolution
		SolutionGuid = {70655E64-2AD4-4EED-92A1-F1214FE3F348}
	EndGlobalSection
EndGlobal
